
Microsoft Visual Studio Solution File, Format Version 12.00
# Visual Studio Version 17
VisualStudioVersion = 17.1.31911.260
MinimumVisualStudioVersion = 10.0.40219.1
Project("{2150E333-8FDC-42A3-9474-1A3956D46DE8}") = "src", "src", "{D44575C3-60A7-4014-9459-C5C00A6497A5}"
	ProjectSection(SolutionItems) = preProject
		.gitignore = .gitignore
		src\Directory.Build.props = src\Directory.Build.props
		src\Directory.Build.targets = src\Directory.Build.targets
	EndProjectSection
EndProject
Project("{9A19103F-16F7-4668-BE54-9A1E7A4F7556}") = "BizStream.Kentico.Xperience.AspNetCore.Mvc.Testing", "src\Testing\src\BizStream.Kentico.Xperience.AspNetCore.Mvc.Testing.csproj", "{9A00A720-DDBF-4B98-A366-27D89FCB1ED9}"
EndProject
Project("{9A19103F-16F7-4668-BE54-9A1E7A4F7556}") = "BizStream.Kentico.Xperience.AspNetCore.Mvc.Testing.Tests", "src\Testing\test\BizStream.Kentico.Xperience.AspNetCore.Mvc.Testing.Tests.csproj", "{52C88A1B-5D8B-4612-88AF-6FC946413745}"
EndProject
Global
	GlobalSection(SolutionConfigurationPlatforms) = preSolution
		Debug|Any CPU = Debug|Any CPU
		Debug|x64 = Debug|x64
		Debug|x86 = Debug|x86
		Release|Any CPU = Release|Any CPU
		Release|x64 = Release|x64
		Release|x86 = Release|x86
	EndGlobalSection
	GlobalSection(ProjectConfigurationPlatforms) = postSolution
		{9A00A720-DDBF-4B98-A366-27D89FCB1ED9}.Debug|Any CPU.ActiveCfg = Debug|Any CPU
		{9A00A720-DDBF-4B98-A366-27D89FCB1ED9}.Debug|Any CPU.Build.0 = Debug|Any CPU
		{9A00A720-DDBF-4B98-A366-27D89FCB1ED9}.Debug|x64.ActiveCfg = Debug|Any CPU
		{9A00A720-DDBF-4B98-A366-27D89FCB1ED9}.Debug|x64.Build.0 = Debug|Any CPU
		{9A00A720-DDBF-4B98-A366-27D89FCB1ED9}.Debug|x86.ActiveCfg = Debug|Any CPU
		{9A00A720-DDBF-4B98-A366-27D89FCB1ED9}.Debug|x86.Build.0 = Debug|Any CPU
		{9A00A720-DDBF-4B98-A366-27D89FCB1ED9}.Release|Any CPU.ActiveCfg = Release|Any CPU
		{9A00A720-DDBF-4B98-A366-27D89FCB1ED9}.Release|Any CPU.Build.0 = Release|Any CPU
		{9A00A720-DDBF-4B98-A366-27D89FCB1ED9}.Release|x64.ActiveCfg = Release|Any CPU
		{9A00A720-DDBF-4B98-A366-27D89FCB1ED9}.Release|x64.Build.0 = Release|Any CPU
		{9A00A720-DDBF-4B98-A366-27D89FCB1ED9}.Release|x86.ActiveCfg = Release|Any CPU
		{9A00A720-DDBF-4B98-A366-27D89FCB1ED9}.Release|x86.Build.0 = Release|Any CPU
		{52C88A1B-5D8B-4612-88AF-6FC946413745}.Debug|Any CPU.ActiveCfg = Debug|Any CPU
		{52C88A1B-5D8B-4612-88AF-6FC946413745}.Debug|Any CPU.Build.0 = Debug|Any CPU
		{52C88A1B-5D8B-4612-88AF-6FC946413745}.Debug|x64.ActiveCfg = Debug|Any CPU
		{52C88A1B-5D8B-4612-88AF-6FC946413745}.Debug|x64.Build.0 = Debug|Any CPU
		{52C88A1B-5D8B-4612-88AF-6FC946413745}.Debug|x86.ActiveCfg = Debug|Any CPU
		{52C88A1B-5D8B-4612-88AF-6FC946413745}.Debug|x86.Build.0 = Debug|Any CPU
		{52C88A1B-5D8B-4612-88AF-6FC946413745}.Release|Any CPU.ActiveCfg = Release|Any CPU
		{52C88A1B-5D8B-4612-88AF-6FC946413745}.Release|Any CPU.Build.0 = Release|Any CPU
		{52C88A1B-5D8B-4612-88AF-6FC946413745}.Release|x64.ActiveCfg = Release|Any CPU
		{52C88A1B-5D8B-4612-88AF-6FC946413745}.Release|x64.Build.0 = Release|Any CPU
		{52C88A1B-5D8B-4612-88AF-6FC946413745}.Release|x86.ActiveCfg = Release|Any CPU
		{52C88A1B-5D8B-4612-88AF-6FC946413745}.Release|x86.Build.0 = Release|Any CPU
	EndGlobalSection
	GlobalSection(SolutionProperties) = preSolution
		HideSolutionNode = FALSE
	EndGlobalSection
	GlobalSection(NestedProjects) = preSolution
		{9A00A720-DDBF-4B98-A366-27D89FCB1ED9} = {D44575C3-60A7-4014-9459-C5C00A6497A5}
		{52C88A1B-5D8B-4612-88AF-6FC946413745} = {D44575C3-60A7-4014-9459-C5C00A6497A5}
	EndGlobalSection
	GlobalSection(ExtensibilityGlobals) = postSolution
		SolutionGuid = {69B029ED-8C6A-446C-9078-82280A62E7EB}
	EndGlobalSection
EndGlobal
